[{<<"hamcrest">>,{pkg,<<"hamcrest">>,<<"0.1.1">>},2},
 {<<"jiffy">>,{pkg,<<"jiffy">>,<<"0.14.7">>},0},
 {<<"meck">>,{pkg,<<"meck">>,<<"0.8.4">>},3},
 {<<"protobuffs">>,{pkg,<<"protobuffs">>,<<"0.8.2">>},2},
 {<<"riak_pb">>,{pkg,<<"riak_pb">>,<<"2.1.0">>},1},
 {<<"riakc">>,{pkg,<<"riakc">>,<<"2.1.1">>},0}].
